
Microsoft Visual Studio Solution File, Format Version 12.00
# Visual Studio Version 17
VisualStudioVersion = 17.13.35931.197 d17.13
MinimumVisualStudioVersion = 10.0.40219.1
Project("{F184B08F-C81C-45F6-A57F-5ABD9991F28F}") = "EncoderWpfApp", "EncoderWpfApp\EncoderWpfApp.vbproj", "{2A8561FF-C6FB-8C44-3F84-16B069517627}"
EndProject
Project("{F184B08F-C81C-45F6-A57F-5ABD9991F28F}") = "EncoderLib.Tests", "EncoderLib.Tests\EncoderLib.Tests.vbproj", "{C1640E83-9830-8E1A-778E-E8036F92A818}"
EndProject
Project("{F184B08F-C81C-45F6-A57F-5ABD9991F28F}") = "EncoderLib", "EncoderLib\EncoderLib.vbproj", "{4C4CF34B-7E7E-F294-F745-1873BCEF7F6E}"
EndProject
Global
	GlobalSection(SolutionConfigurationPlatforms) = preSolution
		Debug|Any CPU = Debug|Any CPU
		Release|Any CPU = Release|Any CPU
	EndGlobalSection
	GlobalSection(ProjectConfigurationPlatforms) = postSolution
		{2A8561FF-C6FB-8C44-3F84-16B069517627}.Debug|Any CPU.ActiveCfg = Debug|Any CPU
		{2A8561FF-C6FB-8C44-3F84-16B069517627}.Debug|Any CPU.Build.0 = Debug|Any CPU
		{2A8561FF-C6FB-8C44-3F84-16B069517627}.Release|Any CPU.ActiveCfg = Release|Any CPU
		{2A8561FF-C6FB-8C44-3F84-16B069517627}.Release|Any CPU.Build.0 = Release|Any CPU
		{C1640E83-9830-8E1A-778E-E8036F92A818}.Debug|Any CPU.ActiveCfg = Debug|Any CPU
		{C1640E83-9830-8E1A-778E-E8036F92A818}.Debug|Any CPU.Build.0 = Debug|Any CPU
		{C1640E83-9830-8E1A-778E-E8036F92A818}.Release|Any CPU.ActiveCfg = Release|Any CPU
		{C1640E83-9830-8E1A-778E-E8036F92A818}.Release|Any CPU.Build.0 = Release|Any CPU
		{4C4CF34B-7E7E-F294-F745-1873BCEF7F6E}.Debug|Any CPU.ActiveCfg = Debug|Any CPU
		{4C4CF34B-7E7E-F294-F745-1873BCEF7F6E}.Debug|Any CPU.Build.0 = Debug|Any CPU
		{4C4CF34B-7E7E-F294-F745-1873BCEF7F6E}.Release|Any CPU.ActiveCfg = Release|Any CPU
		{4C4CF34B-7E7E-F294-F745-1873BCEF7F6E}.Release|Any CPU.Build.0 = Release|Any CPU
	EndGlobalSection
	GlobalSection(SolutionProperties) = preSolution
		HideSolutionNode = FALSE
	EndGlobalSection
	GlobalSection(ExtensibilityGlobals) = postSolution
		SolutionGuid = {8499549E-35E1-494A-8471-C2B79C8827B5}
	EndGlobalSection
EndGlobal
